
Microsoft Visual Studio Solution File, Format Version 12.00
# Visual Studio Version 16
VisualStudioVersion = 16.0.31205.134
MinimumVisualStudioVersion = 10.0.40219.1
Project("{FAE04EC0-301F-11D3-BF4B-00C04F79EFBC}") = "Clinic.Web", "Clinic.Web\Clinic.Web.csproj", "{48B78348-E51D-4976-BF6A-FC9ADB1755C0}"
EndProject
Project("{FAE04EC0-301F-11D3-BF4B-00C04F79EFBC}") = "Clinic.EF", "Clinic.EF\Clinic.EF.csproj", "{E8D466B9-0715-4852-AB35-0520CEE9FCE6}"
EndProject
Project("{FAE04EC0-301F-11D3-BF4B-00C04F79EFBC}") = "Clinic.ICore", "Clinic.ICore\Clinic.ICore.csproj", "{E9F85735-8D95-4AE9-873B-BE552C614A45}"
EndProject
Project("{FAE04EC0-301F-11D3-BF4B-00C04F79EFBC}") = "Clinic.Core", "Clinic.Core\Clinic.Core.csproj", "{0913DA17-8DC5-46B4-A55A-C487DC6B1BCC}"
EndProject
Global
	GlobalSection(SolutionConfigurationPlatforms) = preSolution
		Debug|Any CPU = Debug|Any CPU
		Release|Any CPU = Release|Any CPU
	EndGlobalSection
	GlobalSection(ProjectConfigurationPlatforms) = postSolution
		{48B78348-E51D-4976-BF6A-FC9ADB1755C0}.Debug|Any CPU.ActiveCfg = Debug|Any CPU
		{48B78348-E51D-4976-BF6A-FC9ADB1755C0}.Debug|Any CPU.Build.0 = Debug|Any CPU
		{48B78348-E51D-4976-BF6A-FC9ADB1755C0}.Release|Any CPU.ActiveCfg = Release|Any CPU
		{48B78348-E51D-4976-BF6A-FC9ADB1755C0}.Release|Any CPU.Build.0 = Release|Any CPU
		{E8D466B9-0715-4852-AB35-0520CEE9FCE6}.Debug|Any CPU.ActiveCfg = Debug|Any CPU
		{E8D466B9-0715-4852-AB35-0520CEE9FCE6}.Debug|Any CPU.Build.0 = Debug|Any CPU
		{E8D466B9-0715-4852-AB35-0520CEE9FCE6}.Release|Any CPU.ActiveCfg = Release|Any CPU
		{E8D466B9-0715-4852-AB35-0520CEE9FCE6}.Release|Any CPU.Build.0 = Release|Any CPU
		{E9F85735-8D95-4AE9-873B-BE552C614A45}.Debug|Any CPU.ActiveCfg = Debug|Any CPU
		{E9F85735-8D95-4AE9-873B-BE552C614A45}.Debug|Any CPU.Build.0 = Debug|Any CPU
		{E9F85735-8D95-4AE9-873B-BE552C614A45}.Release|Any CPU.ActiveCfg = Release|Any CPU
		{E9F85735-8D95-4AE9-873B-BE552C614A45}.Release|Any CPU.Build.0 = Release|Any CPU
		{0913DA17-8DC5-46B4-A55A-C487DC6B1BCC}.Debug|Any CPU.ActiveCfg = Debug|Any CPU
		{0913DA17-8DC5-46B4-A55A-C487DC6B1BCC}.Debug|Any CPU.Build.0 = Debug|Any CPU
		{0913DA17-8DC5-46B4-A55A-C487DC6B1BCC}.Release|Any CPU.ActiveCfg = Release|Any CPU
		{0913DA17-8DC5-46B4-A55A-C487DC6B1BCC}.Release|Any CPU.Build.0 = Release|Any CPU
	EndGlobalSection
	GlobalSection(SolutionProperties) = preSolution
		HideSolutionNode = FALSE
	EndGlobalSection
	GlobalSection(ExtensibilityGlobals) = postSolution
		SolutionGuid = {F43B8B0F-9584-4E47-BE23-0A05744F9242}
	EndGlobalSection
EndGlobal
